
Microsoft Visual Studio Solution File, Format Version 12.00
# Visual Studio Version 17
VisualStudioVersion = 17.11.35327.3
MinimumVisualStudioVersion = 10.0.40219.1
Project("{FAE04EC0-301F-11D3-BF4B-00C04F79EFBC}") = "Ex002", "Ex002.csproj", "{2B380DA1-44A2-4BC3-BEF9-AAA4E65996A4}"
EndProject
Global
	GlobalSection(SolutionConfigurationPlatforms) = preSolution
		Debug|Any CPU = Debug|Any CPU
		Release|Any CPU = Release|Any CPU
	EndGlobalSection
	GlobalSection(ProjectConfigurationPlatforms) = postSolution
		{2B380DA1-44A2-4BC3-BEF9-AAA4E65996A4}.Debug|Any CPU.ActiveCfg = Debug|Any CPU
		{2B380DA1-44A2-4BC3-BEF9-AAA4E65996A4}.Debug|Any CPU.Build.0 = Debug|Any CPU
		{2B380DA1-44A2-4BC3-BEF9-AAA4E65996A4}.Release|Any CPU.ActiveCfg = Release|Any CPU
		{2B380DA1-44A2-4BC3-BEF9-AAA4E65996A4}.Release|Any CPU.Build.0 = Release|Any CPU
	EndGlobalSection
	GlobalSection(SolutionProperties) = preSolution
		HideSolutionNode = FALSE
	EndGlobalSection
	GlobalSection(ExtensibilityGlobals) = postSolution
		SolutionGuid = {22AADEE2-C449-4EEA-88C2-518557DAD798}
	EndGlobalSection
EndGlobal
