
Microsoft Visual Studio Solution File, Format Version 12.00
# Visual Studio Version 17
VisualStudioVersion = 17.11.35327.3
MinimumVisualStudioVersion = 10.0.40219.1
Project("{FAE04EC0-301F-11D3-BF4B-00C04F79EFBC}") = "Ex009", "Ex009.csproj", "{5D476FC7-384C-4BC3-97B1-9F6F57FB2DE5}"
EndProject
Global
	GlobalSection(SolutionConfigurationPlatforms) = preSolution
		Debug|Any CPU = Debug|Any CPU
		Release|Any CPU = Release|Any CPU
	EndGlobalSection
	GlobalSection(ProjectConfigurationPlatforms) = postSolution
		{5D476FC7-384C-4BC3-97B1-9F6F57FB2DE5}.Debug|Any CPU.ActiveCfg = Debug|Any CPU
		{5D476FC7-384C-4BC3-97B1-9F6F57FB2DE5}.Debug|Any CPU.Build.0 = Debug|Any CPU
		{5D476FC7-384C-4BC3-97B1-9F6F57FB2DE5}.Release|Any CPU.ActiveCfg = Release|Any CPU
		{5D476FC7-384C-4BC3-97B1-9F6F57FB2DE5}.Release|Any CPU.Build.0 = Release|Any CPU
	EndGlobalSection
	GlobalSection(SolutionProperties) = preSolution
		HideSolutionNode = FALSE
	EndGlobalSection
	GlobalSection(ExtensibilityGlobals) = postSolution
		SolutionGuid = {DCE4DCBB-71B2-4F13-B55A-4F0DCFD8BADC}
	EndGlobalSection
EndGlobal
