
Microsoft Visual Studio Solution File, Format Version 12.00
# Visual Studio Version 17
VisualStudioVersion = 17.11.35327.3
MinimumVisualStudioVersion = 10.0.40219.1
Project("{FAE04EC0-301F-11D3-BF4B-00C04F79EFBC}") = "Ex0014", "Ex0014.csproj", "{C38D64C3-D1FB-4D47-9C09-3AFF9107C236}"
EndProject
Global
	GlobalSection(SolutionConfigurationPlatforms) = preSolution
		Debug|Any CPU = Debug|Any CPU
		Release|Any CPU = Release|Any CPU
	EndGlobalSection
	GlobalSection(ProjectConfigurationPlatforms) = postSolution
		{C38D64C3-D1FB-4D47-9C09-3AFF9107C236}.Debug|Any CPU.ActiveCfg = Debug|Any CPU
		{C38D64C3-D1FB-4D47-9C09-3AFF9107C236}.Debug|Any CPU.Build.0 = Debug|Any CPU
		{C38D64C3-D1FB-4D47-9C09-3AFF9107C236}.Release|Any CPU.ActiveCfg = Release|Any CPU
		{C38D64C3-D1FB-4D47-9C09-3AFF9107C236}.Release|Any CPU.Build.0 = Release|Any CPU
	EndGlobalSection
	GlobalSection(SolutionProperties) = preSolution
		HideSolutionNode = FALSE
	EndGlobalSection
	GlobalSection(ExtensibilityGlobals) = postSolution
		SolutionGuid = {486273A3-F7AF-4130-B974-C578B804C4E5}
	EndGlobalSection
EndGlobal
