
Microsoft Visual Studio Solution File, Format Version 12.00
# Visual Studio Version 17
VisualStudioVersion = 17.11.35327.3
MinimumVisualStudioVersion = 10.0.40219.1
Project("{FAE04EC0-301F-11D3-BF4B-00C04F79EFBC}") = "Ex007", "Ex007.csproj", "{87645BF6-CD44-4A7A-B33A-D46FC3BA4853}"
EndProject
Global
	GlobalSection(SolutionConfigurationPlatforms) = preSolution
		Debug|Any CPU = Debug|Any CPU
		Release|Any CPU = Release|Any CPU
	EndGlobalSection
	GlobalSection(ProjectConfigurationPlatforms) = postSolution
		{87645BF6-CD44-4A7A-B33A-D46FC3BA4853}.Debug|Any CPU.ActiveCfg = Debug|Any CPU
		{87645BF6-CD44-4A7A-B33A-D46FC3BA4853}.Debug|Any CPU.Build.0 = Debug|Any CPU
		{87645BF6-CD44-4A7A-B33A-D46FC3BA4853}.Release|Any CPU.ActiveCfg = Release|Any CPU
		{87645BF6-CD44-4A7A-B33A-D46FC3BA4853}.Release|Any CPU.Build.0 = Release|Any CPU
	EndGlobalSection
	GlobalSection(SolutionProperties) = preSolution
		HideSolutionNode = FALSE
	EndGlobalSection
	GlobalSection(ExtensibilityGlobals) = postSolution
		SolutionGuid = {7CA451D4-7E46-434F-B9DA-98A9B1FEE82B}
	EndGlobalSection
EndGlobal
