
Microsoft Visual Studio Solution File, Format Version 12.00
# Visual Studio Version 17
VisualStudioVersion = 17.11.35327.3
MinimumVisualStudioVersion = 10.0.40219.1
Project("{FAE04EC0-301F-11D3-BF4B-00C04F79EFBC}") = "Imc", "Imc.csproj", "{16BAE9E3-279A-481F-B477-66CF4763C409}"
EndProject
Global
	GlobalSection(SolutionConfigurationPlatforms) = preSolution
		Debug|Any CPU = Debug|Any CPU
		Release|Any CPU = Release|Any CPU
	EndGlobalSection
	GlobalSection(ProjectConfigurationPlatforms) = postSolution
		{16BAE9E3-279A-481F-B477-66CF4763C409}.Debug|Any CPU.ActiveCfg = Debug|Any CPU
		{16BAE9E3-279A-481F-B477-66CF4763C409}.Debug|Any CPU.Build.0 = Debug|Any CPU
		{16BAE9E3-279A-481F-B477-66CF4763C409}.Release|Any CPU.ActiveCfg = Release|Any CPU
		{16BAE9E3-279A-481F-B477-66CF4763C409}.Release|Any CPU.Build.0 = Release|Any CPU
	EndGlobalSection
	GlobalSection(SolutionProperties) = preSolution
		HideSolutionNode = FALSE
	EndGlobalSection
	GlobalSection(ExtensibilityGlobals) = postSolution
		SolutionGuid = {18266901-02AE-4E4E-8EFD-705C408B4F2C}
	EndGlobalSection
EndGlobal
