
Microsoft Visual Studio Solution File, Format Version 12.00
# Visual Studio Version 17
VisualStudioVersion = 17.11.35327.3
MinimumVisualStudioVersion = 10.0.40219.1
Project("{FAE04EC0-301F-11D3-BF4B-00C04F79EFBC}") = "Ex0011", "Ex0011.csproj", "{8147F3F4-E339-4CF7-AFF8-62CD24C9B32F}"
EndProject
Global
	GlobalSection(SolutionConfigurationPlatforms) = preSolution
		Debug|Any CPU = Debug|Any CPU
		Release|Any CPU = Release|Any CPU
	EndGlobalSection
	GlobalSection(ProjectConfigurationPlatforms) = postSolution
		{8147F3F4-E339-4CF7-AFF8-62CD24C9B32F}.Debug|Any CPU.ActiveCfg = Debug|Any CPU
		{8147F3F4-E339-4CF7-AFF8-62CD24C9B32F}.Debug|Any CPU.Build.0 = Debug|Any CPU
		{8147F3F4-E339-4CF7-AFF8-62CD24C9B32F}.Release|Any CPU.ActiveCfg = Release|Any CPU
		{8147F3F4-E339-4CF7-AFF8-62CD24C9B32F}.Release|Any CPU.Build.0 = Release|Any CPU
	EndGlobalSection
	GlobalSection(SolutionProperties) = preSolution
		HideSolutionNode = FALSE
	EndGlobalSection
	GlobalSection(ExtensibilityGlobals) = postSolution
		SolutionGuid = {B16F205A-9A26-4794-9181-959FD8A98FB2}
	EndGlobalSection
EndGlobal
