
Microsoft Visual Studio Solution File, Format Version 12.00
# Visual Studio Version 17
VisualStudioVersion = 17.11.35327.3
MinimumVisualStudioVersion = 10.0.40219.1
Project("{FAE04EC0-301F-11D3-BF4B-00C04F79EFBC}") = "Frutas", "Frutas.csproj", "{F1CADFF5-4633-4A52-A246-FA1216FBE585}"
EndProject
Global
	GlobalSection(SolutionConfigurationPlatforms) = preSolution
		Debug|Any CPU = Debug|Any CPU
		Release|Any CPU = Release|Any CPU
	EndGlobalSection
	GlobalSection(ProjectConfigurationPlatforms) = postSolution
		{F1CADFF5-4633-4A52-A246-FA1216FBE585}.Debug|Any CPU.ActiveCfg = Debug|Any CPU
		{F1CADFF5-4633-4A52-A246-FA1216FBE585}.Debug|Any CPU.Build.0 = Debug|Any CPU
		{F1CADFF5-4633-4A52-A246-FA1216FBE585}.Release|Any CPU.ActiveCfg = Release|Any CPU
		{F1CADFF5-4633-4A52-A246-FA1216FBE585}.Release|Any CPU.Build.0 = Release|Any CPU
	EndGlobalSection
	GlobalSection(SolutionProperties) = preSolution
		HideSolutionNode = FALSE
	EndGlobalSection
	GlobalSection(ExtensibilityGlobals) = postSolution
		SolutionGuid = {4060A46E-6181-4DC4-BE08-46A8A33EA688}
	EndGlobalSection
EndGlobal
