
Microsoft Visual Studio Solution File, Format Version 12.00
# Visual Studio Version 17
VisualStudioVersion = 17.11.35327.3
MinimumVisualStudioVersion = 10.0.40219.1
Project("{FAE04EC0-301F-11D3-BF4B-00C04F79EFBC}") = "Vetor", "Vetor.csproj", "{8738BD12-665C-42AE-854C-489639E11BD4}"
EndProject
Global
	GlobalSection(SolutionConfigurationPlatforms) = preSolution
		Debug|Any CPU = Debug|Any CPU
		Release|Any CPU = Release|Any CPU
	EndGlobalSection
	GlobalSection(ProjectConfigurationPlatforms) = postSolution
		{8738BD12-665C-42AE-854C-489639E11BD4}.Debug|Any CPU.ActiveCfg = Debug|Any CPU
		{8738BD12-665C-42AE-854C-489639E11BD4}.Debug|Any CPU.Build.0 = Debug|Any CPU
		{8738BD12-665C-42AE-854C-489639E11BD4}.Release|Any CPU.ActiveCfg = Release|Any CPU
		{8738BD12-665C-42AE-854C-489639E11BD4}.Release|Any CPU.Build.0 = Release|Any CPU
	EndGlobalSection
	GlobalSection(SolutionProperties) = preSolution
		HideSolutionNode = FALSE
	EndGlobalSection
	GlobalSection(ExtensibilityGlobals) = postSolution
		SolutionGuid = {E0E8AF5C-A998-402D-8E24-659FCC13749D}
	EndGlobalSection
EndGlobal
